
Microsoft Visual Studio Solution File, Format Version 12.00
# Visual Studio Version 17
VisualStudioVersion = 17.3.32929.385
MinimumVisualStudioVersion = 10.0.40219.1
Project("{8BC9CEB8-8B4A-11D0-8D11-00A0C91BC942}") = "Project2", "Project2\Project2.vcxproj", "{6E24F5DF-644C-4368-BB31-E6BD4B017075}"
EndProject
Global
	GlobalSection(SolutionConfigurationPlatforms) = preSolution
		Debug|x64 = Debug|x64
		Debug|x86 = Debug|x86
		Release|x64 = Release|x64
		Release|x86 = Release|x86
	EndGlobalSection
	GlobalSection(ProjectConfigurationPlatforms) = postSolution
		{6E24F5DF-644C-4368-BB31-E6BD4B017075}.Debug|x64.ActiveCfg = Debug|x64
		{6E24F5DF-644C-4368-BB31-E6BD4B017075}.Debug|x64.Build.0 = Debug|x64
		{6E24F5DF-644C-4368-BB31-E6BD4B017075}.Debug|x86.ActiveCfg = Debug|Win32
		{6E24F5DF-644C-4368-BB31-E6BD4B017075}.Debug|x86.Build.0 = Debug|Win32
		{6E24F5DF-644C-4368-BB31-E6BD4B017075}.Release|x64.ActiveCfg = Release|x64
		{6E24F5DF-644C-4368-BB31-E6BD4B017075}.Release|x64.Build.0 = Release|x64
		{6E24F5DF-644C-4368-BB31-E6BD4B017075}.Release|x86.ActiveCfg = Release|Win32
		{6E24F5DF-644C-4368-BB31-E6BD4B017075}.Release|x86.Build.0 = Release|Win32
	EndGlobalSection
	GlobalSection(SolutionProperties) = preSolution
		HideSolutionNode = FALSE
	EndGlobalSection
	GlobalSection(ExtensibilityGlobals) = postSolution
		SolutionGuid = {172F7082-91B2-4E6E-BD5D-75803BD08CC8}
	EndGlobalSection
EndGlobal
